
Microsoft Visual Studio Solution File, Format Version 11.00
# Visual Studio 2010
Project("{FAE04EC0-301F-11D3-BF4B-00C04F79EFBC}") = "This Is The Serious Project Bout HNTower", "Assembly-CSharp.csproj", "{DDFD4308-3839-1325-DB6A-636488819B05}"
EndProject
Project("{FAE04EC0-301F-11D3-BF4B-00C04F79EFBC}") = "This Is The Serious Project Bout HNTower", "Assembly-CSharp-Editor.csproj", "{5801184A-BE24-2BA3-4A16-DF6FACC79D22}"
EndProject
Global
	GlobalSection(SolutionConfigurationPlatforms) = preSolution
		Debug|Any CPU = Debug|Any CPU
		Release|Any CPU = Release|Any CPU
	EndGlobalSection
	GlobalSection(ProjectConfigurationPlatforms) = postSolution
		{DDFD4308-3839-1325-DB6A-636488819B05}.Debug|Any CPU.ActiveCfg = Debug|Any CPU
		{DDFD4308-3839-1325-DB6A-636488819B05}.Debug|Any CPU.Build.0 = Debug|Any CPU
		{DDFD4308-3839-1325-DB6A-636488819B05}.Release|Any CPU.ActiveCfg = Release|Any CPU
		{DDFD4308-3839-1325-DB6A-636488819B05}.Release|Any CPU.Build.0 = Release|Any CPU
		{5801184A-BE24-2BA3-4A16-DF6FACC79D22}.Debug|Any CPU.ActiveCfg = Debug|Any CPU
		{5801184A-BE24-2BA3-4A16-DF6FACC79D22}.Debug|Any CPU.Build.0 = Debug|Any CPU
		{5801184A-BE24-2BA3-4A16-DF6FACC79D22}.Release|Any CPU.ActiveCfg = Release|Any CPU
		{5801184A-BE24-2BA3-4A16-DF6FACC79D22}.Release|Any CPU.Build.0 = Release|Any CPU
	EndGlobalSection
	GlobalSection(SolutionProperties) = preSolution
		HideSolutionNode = FALSE
	EndGlobalSection
	GlobalSection(MonoDevelopProperties) = preSolution
		StartupItem = Assembly-CSharp.csproj
	EndGlobalSection
EndGlobal
